
Microsoft Visual Studio Solution File, Format Version 12.00
# Visual Studio Version 16
VisualStudioVersion = 16.0.33214.272
MinimumVisualStudioVersion = 10.0.40219.1
Project("{FAE04EC0-301F-11D3-BF4B-00C04F79EFBC}") = "PhoenixProject", "PhoenixProject\PhoenixProject.csproj", "{F5A04B58-C344-40E1-81AF-9623A224AA9B}"
EndProject
Global
	GlobalSection(SolutionConfigurationPlatforms) = preSolution
		Debug|Any CPU = Debug|Any CPU
		Release|Any CPU = Release|Any CPU
	EndGlobalSection
	GlobalSection(ProjectConfigurationPlatforms) = postSolution
		{F5A04B58-C344-40E1-81AF-9623A224AA9B}.Debug|Any CPU.ActiveCfg = Debug|Any CPU
		{F5A04B58-C344-40E1-81AF-9623A224AA9B}.Debug|Any CPU.Build.0 = Debug|Any CPU
		{F5A04B58-C344-40E1-81AF-9623A224AA9B}.Release|Any CPU.ActiveCfg = Release|Any CPU
		{F5A04B58-C344-40E1-81AF-9623A224AA9B}.Release|Any CPU.Build.0 = Release|Any CPU
	EndGlobalSection
	GlobalSection(SolutionProperties) = preSolution
		HideSolutionNode = FALSE
	EndGlobalSection
	GlobalSection(ExtensibilityGlobals) = postSolution
		SolutionGuid = {38B716DC-840B-4556-A5CA-BF200CA79430}
	EndGlobalSection
EndGlobal
